// !$*UTF8*$!
{
	archiveVersion = 1;
	classes = {
	};
	objectVersion = 46;
	objects = {

/* Begin PBXBuildFile section */
		1C0E55D619C00FCC0006D67E /* AppDelegate.swift in Sources */ = {isa = PBXBuildFile; fileRef = 1C0E55D519C00FCC0006D67E /* AppDelegate.swift */; };
		1C0E55D819C00FCC0006D67E /* ViewController.swift in Sources */ = {isa = PBXBuildFile; fileRef = 1C0E55D719C00FCC0006D67E /* ViewController.swift */; };
		1C0E55DB19C00FCC0006D67E /* Main.storyboard in Resources */ = {isa = PBXBuildFile; fileRef = 1C0E55D919C00FCC0006D67E /* Main.storyboard */; };
		1C0E55DD19C00FCC0006D67E /* Images.xcassets in Resources */ = {isa = PBXBuildFile; fileRef = 1C0E55DC19C00FCC0006D67E /* Images.xcassets */; };
		1C0E55E019C00FCC0006D67E /* LaunchScreen.xib in Resources */ = {isa = PBXBuildFile; fileRef = 1C0E55DE19C00FCC0006D67E /* LaunchScreen.xib */; };
		1C0E55EC19C00FCC0006D67E /* PostcardTests.swift in Sources */ = {isa = PBXBuildFile; fileRef = 1C0E55EB19C00FCC0006D67E /* PostcardTests.swift */; };
		1C0E55F619C0182E0006D67E /* Charizard.jpg in Resources */ = {isa = PBXBuildFile; fileRef = 1C0E55F519C0182E0006D67E /* Charizard.jpg */; };
/* End PBXBuildFile section */

/* Begin PBXContainerItemProxy section */
		1C0E55E619C00FCC0006D67E /* PBXContainerItemProxy */ = {
			isa = PBXContainerItemProxy;
			containerPortal = 1C0E55C819C00FCC0006D67E /* Project object */;
			proxyType = 1;
			remoteGlobalIDString = 1C0E55CF19C00FCC0006D67E;
			remoteInfo = Postcard;
		};
/* End PBXContainerItemProxy section */

/* Begin PBXFileReference section */
		1C0E55D019C00FCC0006D67E /* Postcard.app */ = {isa = PBXFileReference; explicitFileType = wrapper.application; includeInIndex = 0; path = Postcard.app; sourceTree = BUILT_PRODUCTS_DIR; };
		1C0E55D419C00FCC0006D67E /* Info.plist */ = {isa = PBXFileReference; lastKnownFileType = text.plist.xml; path = Info.plist; sourceTree = "<group>"; };
		1C0E55D519C00FCC0006D67E /* AppDelegate.swift */ = {isa = PBXFileReference; lastKnownFileType = sourcecode.swift; path = AppDelegate.swift; sourceTree = "<group>"; };
		1C0E55D719C00FCC0006D67E /* ViewController.swift */ = {isa = PBXFileReference; lastKnownFileType = sourcecode.swift; path = ViewController.swift; sourceTree = "<group>"; };
		1C0E55DA19C00FCC0006D67E /* Base */ = {isa = PBXFileReference; lastKnownFileType = file.storyboard; name = Base; path = Base.lproj/Main.storyboard; sourceTree = "<group>"; };
		1C0E55DC19C00FCC0006D67E /* Images.xcassets */ = {isa = PBXFileReference; lastKnownFileType = folder.assetcatalog; path = Images.xcassets; sourceTree = "<group>"; };
		1C0E55DF19C00FCC0006D67E /* Base */ = {isa = PBXFileReference; lastKnownFileType = file.xib; name = Base; path = Base.lproj/LaunchScreen.xib; sourceTree = "<group>"; };
		1C0E55E519C00FCC0006D67E /* PostcardTests.xctest */ = {isa = PBXFileReference; explicitFileType = wrapper.cfbundle; includeInIndex = 0; path = PostcardTests.xctest; sourceTree = BUILT_PRODUCTS_DIR; };
		1C0E55EA19C00FCC0006D67E /* Info.plist */ = {isa = PBXFileReference; lastKnownFileType = text.plist.xml; path = Info.plist; sourceTree = "<group>"; };
		1C0E55EB19C00FCC0006D67E /* PostcardTests.swift */ = {isa = PBXFileReference; lastKnownFileType = sourcecode.swift; path = PostcardTests.swift; sourceTree = "<group>"; };
		1C0E55F519C0182E0006D67E /* Charizard.jpg */ = {isa = PBXFileReference; lastKnownFileType = image.jpeg; path = Charizard.jpg; sourceTree = "<group>"; };
/* End PBXFileReference section */

/* Begin PBXFrameworksBuildPhase section */
		1C0E55CD19C00FCC0006D67E /* Frameworks */ = {
			isa = PBXFrameworksBuildPhase;
			buildActionMask = 2147483647;
			files = (
			);
			runOnlyForDeploymentPostprocessing = 0;
		};
		1C0E55E219C00FCC0006D67E /* Frameworks */ = {
			isa = PBXFrameworksBuildPhase;
			buildActionMask = 2147483647;
			files = (
			);
			runOnlyForDeploymentPostprocessing = 0;
		};
/* End PBXFrameworksBuildPhase section */

/* Begin PBXGroup section */
		1C0E55C719C00FCC0006D67E = {
			isa = PBXGroup;
			children = (
				1C0E55D219C00FCC0006D67E /* Postcard */,
				1C0E55E819C00FCC0006D67E /* PostcardTests */,
				1C0E55D119C00FCC0006D67E /* Products */,
			);
			sourceTree = "<group>";
		};
		1C0E55D119C00FCC0006D67E /* Products */ = {
			isa = PBXGroup;
			children = (
				1C0E55D019C00FCC0006D67E /* Postcard.app */,
				1C0E55E519C00FCC0006D67E /* PostcardTests.xctest */,
			);
			name = Products;
			sourceTree = "<group>";
		};
		1C0E55D219C00FCC0006D67E /* Postcard */ = {
			isa = PBXGroup;
			children = (
				1C0E55D519C00FCC0006D67E /* AppDelegate.swift */,
				1C0E55D719C00FCC0006D67E /* ViewController.swift */,
				1C0E55D919C00FCC0006D67E /* Main.storyboard */,
				1C0E55DC19C00FCC0006D67E /* Images.xcassets */,
				1C0E55DE19C00FCC0006D67E /* LaunchScreen.xib */,
				1C0E55D319C00FCC0006D67E /* Supporting Files */,
			);
			path = Postcard;
			sourceTree = "<group>";
		};
		1C0E55D319C00FCC0006D67E /* Supporting Files */ = {
			isa = PBXGroup;
			children = (
				1C0E55F519C0182E0006D67E /* Charizard.jpg */,
				1C0E55D419C00FCC0006D67E /* Info.plist */,
			);
			name = "Supporting Files";
			sourceTree = "<group>";
		};
		1C0E55E819C00FCC0006D67E /* PostcardTests */ = {
			isa = PBXGroup;
			children = (
				1C0E55EB19C00FCC0006D67E /* PostcardTests.swift */,
				1C0E55E919C00FCC0006D67E /* Supporting Files */,
			);
			path = PostcardTests;
			sourceTree = "<group>";
		};
		1C0E55E919C00FCC0006D67E /* Supporting Files */ = {
			isa = PBXGroup;
			children = (
				1C0E55EA19C00FCC0006D67E /* Info.plist */,
			);
			name = "Supporting Files";
			sourceTree = "<group>";
		};
/* End PBXGroup section */

/* Begin PBXNativeTarget section */
		1C0E55CF19C00FCC0006D67E /* Postcard */ = {
			isa = PBXNativeTarget;
			buildConfigurationList = 1C0E55EF19C00FCC0006D67E /* Build configuration list for PBXNativeTarget "Postcard" */;
			buildPhases = (
				1C0E55CC19C00FCC0006D67E /* Sources */,
				1C0E55CD19C00FCC0006D67E /* Frameworks */,
				1C0E55CE19C00FCC0006D67E /* Resources */,
			);
			buildRules = (
			);
			dependencies = (
			);
			name = Postcard;
			productName = Postcard;
			productReference = 1C0E55D019C00FCC0006D67E /* Postcard.app */;
			productType = "com.apple.product-type.application";
		};
		1C0E55E419C00FCC0006D67E /* PostcardTests */ = {
			isa = PBXNativeTarget;
			buildConfigurationList = 1C0E55F219C00FCC0006D67E /* Build configuration list for PBXNativeTarget "PostcardTests" */;
			buildPhases = (
				1C0E55E119C00FCC0006D67E /* Sources */,
				1C0E55E219C00FCC0006D67E /* Frameworks */,
				1C0E55E319C00FCC0006D67E /* Resources */,
			);
			buildRules = (
			);
			dependencies = (
				1C0E55E719C00FCC0006D67E /* PBXTargetDependency */,
			);
			name = PostcardTests;
			productName = PostcardTests;
			productReference = 1C0E55E519C00FCC0006D67E /* PostcardTests.xctest */;
			productType = "com.apple.product-type.bundle.unit-test";
		};
/* End PBXNativeTarget section */

/* Begin PBXProject section */
		1C0E55C819C00FCC0006D67E /* Project object */ = {
			isa = PBXProject;
			attributes = {
				LastUpgradeCheck = 0600;
				ORGANIZATIONNAME = "Code by Brad";
				TargetAttributes = {
					1C0E55CF19C00FCC0006D67E = {
						CreatedOnToolsVersion = 6.0;
					};
					1C0E55E419C00FCC0006D67E = {
						CreatedOnToolsVersion = 6.0;
						TestTargetID = 1C0E55CF19C00FCC0006D67E;
					};
				};
			};
			buildConfigurationList = 1C0E55CB19C00FCC0006D67E /* Build configuration list for PBXProject "Postcard" */;
			compatibilityVersion = "Xcode 3.2";
			developmentRegion = English;
			hasScannedForEncodings = 0;
			knownRegions = (
				en,
				Base,
			);
			mainGroup = 1C0E55C719C00FCC0006D67E;
			productRefGroup = 1C0E55D119C00FCC0006D67E /* Products */;
			projectDirPath = "";
			projectRoot = "";
			targets = (
				1C0E55CF19C00FCC0006D67E /* Postcard */,
				1C0E55E419C00FCC0006D67E /* PostcardTests */,
			);
		};
/* End PBXProject section */

/* Begin PBXResourcesBuildPhase section */
		1C0E55CE19C00FCC0006D67E /* Resources */ = {
			isa = PBXResourcesBuildPhase;
			buildActionMask = 2147483647;
			files = (
				1C0E55F619C0182E0006D67E /* Charizard.jpg in Resources */,
				1C0E55DB19C00FCC0006D67E /* Main.storyboard in Resources */,
				1C0E55E019C00FCC0006D67E /* LaunchScreen.xib in Resources */,
				1C0E55DD19C00FCC0006D67E /* Images.xcassets in Resources */,
			);
			runOnlyForDeploymentPostprocessing = 0;
		};
		1C0E55E319C00FCC0006D67E /* Resources */ = {
			isa = PBXResourcesBuildPhase;
			buildActionMask = 2147483647;
			files = (
			);
			runOnlyForDeploymentPostprocessing = 0;
		};
/* End PBXResourcesBuildPhase section */

/* Begin PBXSourcesBuildPhase section */
		1C0E55CC19C00FCC0006D67E /* Sources */ = {
			isa = PBXSourcesBuildPhase;
			buildActionMask = 2147483647;
			files = (
				1C0E55D819C00FCC0006D67E /* ViewController.swift in Sources */,
				1C0E55D619C00FCC0006D67E /* AppDelegate.swift in Sources */,
			);
			runOnlyForDeploymentPostprocessing = 0;
		};
		1C0E55E119C00FCC0006D67E /* Sources */ = {
			isa = PBXSourcesBuildPhase;
			buildActionMask = 2147483647;
			files = (
				1C0E55EC19C00FCC0006D67E /* PostcardTests.swift in Sources */,
			);
			runOnlyForDeploymentPostprocessing = 0;
		};
/* End PBXSourcesBuildPhase section */

/* Begin PBXTargetDependency section */
		1C0E55E719C00FCC0006D67E /* PBXTargetDependency */ = {
			isa = PBXTargetDependency;
			target = 1C0E55CF19C00FCC0006D67E /* Postcard */;
			targetProxy = 1C0E55E619C00FCC0006D67E /* PBXContainerItemProxy */;
		};
/* End PBXTargetDependency section */

/* Begin PBXVariantGroup section */
		1C0E55D919C00FCC0006D67E /* Main.storyboard */ = {
			isa = PBXVariantGroup;
			children = (
				1C0E55DA19C00FCC0006D67E /* Base */,
			);
			name = Main.storyboard;
			sourceTree = "<group>";
		};
		1C0E55DE19C00FCC0006D67E /* LaunchScreen.xib */ = {
			isa = PBXVariantGroup;
			children = (
				1C0E55DF19C00FCC0006D67E /* Base */,
			);
			name = LaunchScreen.xib;
			sourceTree = "<group>";
		};
/* End PBXVariantGroup section */

/* Begin XCBuildConfiguration section */
		1C0E55ED19C00FCC0006D67E /* Debug */ = {
			isa = XCBuildConfiguration;
			buildSettings = {
				ALWAYS_SEARCH_USER_PATHS = NO;
				CLANG_CXX_LANGUAGE_STANDARD = "gnu++0x";
				CLANG_CXX_LIBRARY = "libc++";
				CLANG_ENABLE_MODULES = YES;
				CLANG_ENABLE_OBJC_ARC = YES;
				CLANG_WARN_BOOL_CONVERSION = YES;
				CLANG_WARN_CONSTANT_CONVERSION = YES;
				CLANG_WARN_DIRECT_OBJC_ISA_USAGE = YES_ERROR;
				CLANG_WARN_EMPTY_BODY = YES;
				CLANG_WARN_ENUM_CONVERSION = YES;
				CLANG_WARN_INT_CONVERSION = YES;
				CLANG_WARN_OBJC_ROOT_CLASS = YES_ERROR;
				CLANG_WARN_UNREACHABLE_CODE = YES;
				CLANG_WARN__DUPLICATE_METHOD_MATCH = YES;
				"CODE_SIGN_IDENTITY[sdk=iphoneos*]" = "iPhone Developer";
				COPY_PHASE_STRIP = NO;
				ENABLE_STRICT_OBJC_MSGSEND = YES;
				GCC_C_LANGUAGE_STANDARD = gnu99;
				GCC_DYNAMIC_NO_PIC = NO;
				GCC_OPTIMIZATION_LEVEL = 0;
				GCC_PREPROCESSOR_DEFINITIONS = (
					"DEBUG=1",
					"$(inherited)",
				);
				GCC_SYMBOLS_PRIVATE_EXTERN = NO;
				GCC_WARN_64_TO_32_BIT_CONVERSION = YES;
				GCC_WARN_ABOUT_RETURN_TYPE = YES_ERROR;
				GCC_WARN_UNDECLARED_SELECTOR = YES;
				GCC_WARN_UNINITIALIZED_AUTOS = YES_AGGRESSIVE;
				GCC_WARN_UNUSED_FUNCTION = YES;
				GCC_WARN_UNUSED_VARIABLE = YES;
				IPHONEOS_DEPLOYMENT_TARGET = 8.0;
				MTL_ENABLE_DEBUG_INFO = YES;
				ONLY_ACTIVE_ARCH = YES;
				SDKROOT = iphoneos;
				SWIFT_OPTIMIZATION_LEVEL = "-Onone";
			};
			name = Debug;
		};
		1C0E55EE19C00FCC0006D67E /* Release */ = {
			isa = XCBuildConfiguration;
			buildSettings = {
				ALWAYS_SEARCH_USER_PATHS = NO;
				CLANG_CXX_LANGUAGE_STANDARD = "gnu++0x";
				CLANG_CXX_LIBRARY = "libc++";
				CLANG_ENABLE_MODULES = YES;
				CLANG_ENABLE_OBJC_ARC = YES;
				CLANG_WARN_BOOL_CONVERSION = YES;
				CLANG_WARN_CONSTANT_CONVERSION = YES;
				CLANG_WARN_DIRECT_OBJC_ISA_USAGE = YES_ERROR;
				CLANG_WARN_EMPTY_BODY = YES;
				CLANG_WARN_ENUM_CONVERSION = YES;
				CLANG_WARN_INT_CONVERSION = YES;
				CLANG_WARN_OBJC_ROOT_CLASS = YES_ERROR;
				CLANG_WARN_UNREACHABLE_CODE = YES;
				CLANG_WARN__DUPLICATE_METHOD_MATCH = YES;
				"CODE_SIGN_IDENTITY[sdk=iphoneos*]" = "iPhone Developer";
				COPY_PHASE_STRIP = YES;
				ENABLE_NS_ASSERTIONS = NO;
				ENABLE_STRICT_OBJC_MSGSEND = YES;
				GCC_C_LANGUAGE_STANDARD = gnu99;
				GCC_WARN_64_TO_32_BIT_CONVERSION = YES;
				GCC_WARN_ABOUT_RETURN_TYPE = YES_ERROR;
				GCC_WARN_UNDECLARED_SELECTOR = YES;
				GCC_WARN_UNINITIALIZED_AUTOS = YES_AGGRESSIVE;
				GCC_WARN_UNUSED_FUNCTION = YES;
				GCC_WARN_UNUSED_VARIABLE = YES;
				IPHONEOS_DEPLOYMENT_TARGET = 8.0;
				MTL_ENABLE_DEBUG_INFO = NO;
				SDKROOT = iphoneos;
				VALIDATE_PRODUCT = YES;
			};
			name = Release;
		};
		1C0E55F019C00FCC0006D67E /* Debug */ = {
			isa = XCBuildConfiguration;
			buildSettings = {
				ASSETCATALOG_COMPILER_APPICON_NAME = AppIcon;
				INFOPLIST_FILE = Postcard/Info.plist;
				LD_RUNPATH_SEARCH_PATHS = "$(inherited) @executable_path/Frameworks";
				PRODUCT_NAME = "$(TARGET_NAME)";
			};
			name = Debug;
		};
		1C0E55F119C00FCC0006D67E /* Release */ = {
			isa = XCBuildConfiguration;
			buildSettings = {
				ASSETCATALOG_COMPILER_APPICON_NAME = AppIcon;
				INFOPLIST_FILE = Postcard/Info.plist;
				LD_RUNPATH_SEARCH_PATHS = "$(inherited) @executable_path/Frameworks";
				PRODUCT_NAME = "$(TARGET_NAME)";
			};
			name = Release;
		};
		1C0E55F319C00FCC0006D67E /* Debug */ = {
			isa = XCBuildConfiguration;
			buildSettings = {
				BUNDLE_LOADER = "$(TEST_HOST)";
				FRAMEWORK_SEARCH_PATHS = (
					"$(SDKROOT)/Developer/Library/Frameworks",
					"$(inherited)",
				);
				GCC_PREPROCESSOR_DEFINITIONS = (
					"DEBUG=1",
					"$(inherited)",
				);
				INFOPLIST_FILE = PostcardTests/Info.plist;
				LD_RUNPATH_SEARCH_PATHS = "$(inherited) @executable_path/Frameworks @loader_path/Frameworks";
				PRODUCT_NAME = "$(TARGET_NAME)";
				TEST_HOST = "$(BUILT_PRODUCTS_DIR)/Postcard.app/Postcard";
			};
			name = Debug;
		};
		1C0E55F419C00FCC0006D67E /* Release */ = {
			isa = XCBuildConfiguration;
			buildSettings = {
				BUNDLE_LOADER = "$(TEST_HOST)";
				FRAMEWORK_SEARCH_PATHS = (
					"$(SDKROOT)/Developer/Library/Frameworks",
					"$(inherited)",
				);
				INFOPLIST_FILE = PostcardTests/Info.plist;
				LD_RUNPATH_SEARCH_PATHS = "$(inherited) @executable_path/Frameworks @loader_path/Frameworks";
				PRODUCT_NAME = "$(TARGET_NAME)";
				TEST_HOST = "$(BUILT_PRODUCTS_DIR)/Postcard.app/Postcard";
			};
			name = Release;
		};
/* End XCBuildConfiguration section */

/* Begin XCConfigurationList section */
		1C0E55CB19C00FCC0006D67E /* Build configuration list for PBXProject "Postcard" */ = {
			isa = XCConfigurationList;
			buildConfigurations = (
				1C0E55ED19C00FCC0006D67E /* Debug */,
				1C0E55EE19C00FCC0006D67E /* Release */,
			);
			defaultConfigurationIsVisible = 0;
			defaultConfigurationName = Release;
		};
		1C0E55EF19C00FCC0006D67E /* Build configuration list for PBXNativeTarget "Postcard" */ = {
			isa = XCConfigurationList;
			buildConfigurations = (
				1C0E55F019C00FCC0006D67E /* Debug */,
				1C0E55F119C00FCC0006D67E /* Release */,
			);
			defaultConfigurationIsVisible = 0;
		};
		1C0E55F219C00FCC0006D67E /* Build configuration list for PBXNativeTarget "PostcardTests" */ = {
			isa = XCConfigurationList;
			buildConfigurations = (
				1C0E55F319C00FCC0006D67E /* Debug */,
				1C0E55F419C00FCC0006D67E /* Release */,
			);
			defaultConfigurationIsVisible = 0;
		};
/* End XCConfigurationList section */
	};
	rootObject = 1C0E55C819C00FCC0006D67E /* Project object */;
}
